// !$*UTF8*$!
{
	archiveVersion = 1;
	classes = {
	};
	objectVersion = 48;
	objects = {

/* Begin PBXBuildFile section */
		E90094C22004BD1500B20928 /* TabBar.swift in Sources */ = {isa = PBXBuildFile; fileRef = E90094C12004BD1500B20928 /* TabBar.swift */; };
		E90094CA2005C13C00B20928 /* ViewConstant.swift in Sources */ = {isa = PBXBuildFile; fileRef = E90094C92005C13C00B20928 /* ViewConstant.swift */; };
		E90094E420074F8B00B20928 /* String+Extension.swift in Sources */ = {isa = PBXBuildFile; fileRef = E90094E320074F8B00B20928 /* String+Extension.swift */; };
		E90094ED20084D1000B20928 /* Podfile in Resources */ = {isa = PBXBuildFile; fileRef = E90094EC20084D1000B20928 /* Podfile */; };
		E90094EF200859BC00B20928 /* Swift.gitignore in Resources */ = {isa = PBXBuildFile; fileRef = E90094EE200859BC00B20928 /* Swift.gitignore */; };
		E904D30D202885DD0061A790 /* ApplicationBaseInfoConstantFromSinaOpenPlatform.swift in Sources */ = {isa = PBXBuildFile; fileRef = E904D30C202885DC0061A790 /* ApplicationBaseInfoConstantFromSinaOpenPlatform.swift */; };
		E904D310202889060061A790 /* OAuthViewController.swift in Sources */ = {isa = PBXBuildFile; fileRef = E904D30F202889060061A790 /* OAuthViewController.swift */; };
		E904D312202C2A870061A790 /* UserAccount.swift in Sources */ = {isa = PBXBuildFile; fileRef = E904D311202C2A870061A790 /* UserAccount.swift */; };
		E9083210204148AC007B6AFE /* StatusCellTableViewCell.swift in Sources */ = {isa = PBXBuildFile; fileRef = E908320F204148AC007B6AFE /* StatusCellTableViewCell.swift */; };
		E9083212204148D0007B6AFE /* StatusNormalCell.xib in Resources */ = {isa = PBXBuildFile; fileRef = E9083211204148D0007B6AFE /* StatusNormalCell.xib */; };
		E92664352011C35A00ABF849 /* ContentOfVisitorView.swift in Sources */ = {isa = PBXBuildFile; fileRef = E92664342011C35A00ABF849 /* ContentOfVisitorView.swift */; };
		E932A08F203996FB001414E6 /* WelcomeView.swift in Sources */ = {isa = PBXBuildFile; fileRef = E932A08E203996FB001414E6 /* WelcomeView.swift */; };
		E932A091203997AE001414E6 /* NewFeatureView.swift in Sources */ = {isa = PBXBuildFile; fileRef = E932A090203997AE001414E6 /* NewFeatureView.swift */; };
		E946F46F2021B794000341E4 /* UIView+RJBadge.m in Sources */ = {isa = PBXBuildFile; fileRef = E946F46D2021B794000341E4 /* UIView+RJBadge.m */; };
		E94D877320382D6A00871795 /* TitleButton.swift in Sources */ = {isa = PBXBuildFile; fileRef = E94D877220382D6A00871795 /* TitleButton.swift */; };
		E9584ABF200397860001A0E4 /* AppDelegate.swift in Sources */ = {isa = PBXBuildFile; fileRef = E9584ABE200397860001A0E4 /* AppDelegate.swift */; };
		E9584AC6200397860001A0E4 /* Assets.xcassets in Resources */ = {isa = PBXBuildFile; fileRef = E9584AC5200397860001A0E4 /* Assets.xcassets */; };
		E9584ADE2003A0A10001A0E4 /* MainTabBarController.swift in Sources */ = {isa = PBXBuildFile; fileRef = E9584ADD2003A0A10001A0E4 /* MainTabBarController.swift */; };
		E9584AE02003A0C00001A0E4 /* MainNavigationController.swift in Sources */ = {isa = PBXBuildFile; fileRef = E9584ADF2003A0C00001A0E4 /* MainNavigationController.swift */; };
		E9584AE22003A0DB0001A0E4 /* BaseViewController.swift in Sources */ = {isa = PBXBuildFile; fileRef = E9584AE12003A0DB0001A0E4 /* BaseViewController.swift */; };
		E9786A6120404841007EEE77 /* UIImage+Extension.swift in Sources */ = {isa = PBXBuildFile; fileRef = E9786A6020404841007EEE77 /* UIImage+Extension.swift */; };
		E97AB236201AFCBE00E5C267 /* HttpEngine.swift in Sources */ = {isa = PBXBuildFile; fileRef = E97AB235201AFCBE00E5C267 /* HttpEngine.swift */; };
		E97AB238201B65AE00E5C267 /* HttpEngine+Extension.swift in Sources */ = {isa = PBXBuildFile; fileRef = E97AB237201B65AE00E5C267 /* HttpEngine+Extension.swift */; };
		E97AB23A201B75C600E5C267 /* WBCustomNSError.swift in Sources */ = {isa = PBXBuildFile; fileRef = E97AB239201B75C600E5C267 /* WBCustomNSError.swift */; };
		E97AB23C201CAAFD00E5C267 /* WBStatus.swift in Sources */ = {isa = PBXBuildFile; fileRef = E97AB23B201CAAFD00E5C267 /* WBStatus.swift */; };
		E97AB23E201CB20500E5C267 /* WBStatusListViewModel.swift in Sources */ = {isa = PBXBuildFile; fileRef = E97AB23D201CB20500E5C267 /* WBStatusListViewModel.swift */; };
		E9C562DA2004683100B7F6DE /* InfoPlist.strings in Resources */ = {isa = PBXBuildFile; fileRef = E9C562D82004683100B7F6DE /* InfoPlist.strings */; };
		E9C562DE20046BB000B7F6DE /* Localizable.strings in Resources */ = {isa = PBXBuildFile; fileRef = E9C562E020046BB000B7F6DE /* Localizable.strings */; };
		E9C562E320046D6E00B7F6DE /* ReadMe in Resources */ = {isa = PBXBuildFile; fileRef = E9C562E220046D6E00B7F6DE /* ReadMe */; };
		E9C562E52004AD4500B7F6DE /* HomePageViewController.swift in Sources */ = {isa = PBXBuildFile; fileRef = E9C562E42004AD4500B7F6DE /* HomePageViewController.swift */; };
		E9C562E72004AD5C00B7F6DE /* MessageViewController.swift in Sources */ = {isa = PBXBuildFile; fileRef = E9C562E62004AD5C00B7F6DE /* MessageViewController.swift */; };
		E9C562E92004AD6A00B7F6DE /* DiscoveryViewController.swift in Sources */ = {isa = PBXBuildFile; fileRef = E9C562E82004AD6A00B7F6DE /* DiscoveryViewController.swift */; };
		E9C562EB2004AD7700B7F6DE /* ProfileViewController.swift in Sources */ = {isa = PBXBuildFile; fileRef = E9C562EA2004AD7700B7F6DE /* ProfileViewController.swift */; };
		E9C562ED2004B41200B7F6DE /* 应用常规尺寸.jpg in Resources */ = {isa = PBXBuildFile; fileRef = E9C562EC2004B41100B7F6DE /* 应用常规尺寸.jpg */; };
		E9D9B787202443E80056BCA3 /* NotificationConstant.swift in Sources */ = {isa = PBXBuildFile; fileRef = E9D9B786202443E80056BCA3 /* NotificationConstant.swift */; };
		E9FF994B203AB987002B8738 /* WelcomeView.xib in Resources */ = {isa = PBXBuildFile; fileRef = E9FF994A203AB987002B8738 /* WelcomeView.xib */; };
		E9FF994D203EECB7002B8738 /* NewFeatureView.xib in Resources */ = {isa = PBXBuildFile; fileRef = E9FF994C203EECB7002B8738 /* NewFeatureView.xib */; };
		F7FA356D787C95851A0DE7A8 /* Pods_WeiBo.framework in Frameworks */ = {isa = PBXBuildFile; fileRef = DFD83F2C9283CD656E4B2E5F /* Pods_WeiBo.framework */; };
/* End PBXBuildFile section */

/* Begin PBXFileReference section */
		7CCAEF78F37DB261C5BC1F04 /* Pods-WeiBo.release.xcconfig */ = {isa = PBXFileReference; includeInIndex = 1; lastKnownFileType = text.xcconfig; name = "Pods-WeiBo.release.xcconfig"; path = "Pods/Target Support Files/Pods-WeiBo/Pods-WeiBo.release.xcconfig"; sourceTree = "<group>"; };
		DFD83F2C9283CD656E4B2E5F /* Pods_WeiBo.framework */ = {isa = PBXFileReference; explicitFileType = wrapper.framework; includeInIndex = 0; path = Pods_WeiBo.framework; sourceTree = BUILT_PRODUCTS_DIR; };
		E824298BE511A22086D359E8 /* Pods-WeiBo.debug.xcconfig */ = {isa = PBXFileReference; includeInIndex = 1; lastKnownFileType = text.xcconfig; name = "Pods-WeiBo.debug.xcconfig"; path = "Pods/Target Support Files/Pods-WeiBo/Pods-WeiBo.debug.xcconfig"; sourceTree = "<group>"; };
		E90094C12004BD1500B20928 /* TabBar.swift */ = {isa = PBXFileReference; lastKnownFileType = sourcecode.swift; path = TabBar.swift; sourceTree = "<group>"; };
		E90094C92005C13C00B20928 /* ViewConstant.swift */ = {isa = PBXFileReference; lastKnownFileType = sourcecode.swift; path = ViewConstant.swift; sourceTree = "<group>"; };
		E90094E320074F8B00B20928 /* String+Extension.swift */ = {isa = PBXFileReference; lastKnownFileType = sourcecode.swift; path = "String+Extension.swift"; sourceTree = "<group>"; };
		E90094EC20084D1000B20928 /* Podfile */ = {isa = PBXFileReference; fileEncoding = 4; lastKnownFileType = text; path = Podfile; sourceTree = SOURCE_ROOT; xcLanguageSpecificationIdentifier = xcode.lang.ruby; };
		E90094EE200859BC00B20928 /* Swift.gitignore */ = {isa = PBXFileReference; fileEncoding = 4; lastKnownFileType = text; path = Swift.gitignore; sourceTree = SOURCE_ROOT; };
		E904D30C202885DC0061A790 /* ApplicationBaseInfoConstantFromSinaOpenPlatform.swift */ = {isa = PBXFileReference; lastKnownFileType = sourcecode.swift; path = ApplicationBaseInfoConstantFromSinaOpenPlatform.swift; sourceTree = "<group>"; };
		E904D30F202889060061A790 /* OAuthViewController.swift */ = {isa = PBXFileReference; lastKnownFileType = sourcecode.swift; path = OAuthViewController.swift; sourceTree = "<group>"; };
		E904D311202C2A870061A790 /* UserAccount.swift */ = {isa = PBXFileReference; lastKnownFileType = sourcecode.swift; path = UserAccount.swift; sourceTree = "<group>"; };
		E908320F204148AC007B6AFE /* StatusCellTableViewCell.swift */ = {isa = PBXFileReference; lastKnownFileType = sourcecode.swift; path = StatusCellTableViewCell.swift; sourceTree = "<group>"; };
		E9083211204148D0007B6AFE /* StatusNormalCell.xib */ = {isa = PBXFileReference; lastKnownFileType = file.xib; path = StatusNormalCell.xib; sourceTree = "<group>"; };
		E92664342011C35A00ABF849 /* ContentOfVisitorView.swift */ = {isa = PBXFileReference; lastKnownFileType = sourcecode.swift; path = ContentOfVisitorView.swift; sourceTree = "<group>"; };
		E932A08E203996FB001414E6 /* WelcomeView.swift */ = {isa = PBXFileReference; lastKnownFileType = sourcecode.swift; path = WelcomeView.swift; sourceTree = "<group>"; };
		E932A090203997AE001414E6 /* NewFeatureView.swift */ = {isa = PBXFileReference; lastKnownFileType = sourcecode.swift; path = NewFeatureView.swift; sourceTree = "<group>"; };
		E946F46C2021B794000341E4 /* RJBadgeView.h */ = {isa = PBXFileReference; fileEncoding = 4; lastKnownFileType = sourcecode.c.h; path = RJBadgeView.h; sourceTree = "<group>"; };
		E946F46D2021B794000341E4 /* UIView+RJBadge.m */ = {isa = PBXFileReference; fileEncoding = 4; lastKnownFileType = sourcecode.c.objc; path = "UIView+RJBadge.m"; sourceTree = "<group>"; };
		E946F46E2021B794000341E4 /* UIView+RJBadge.h */ = {isa = PBXFileReference; fileEncoding = 4; lastKnownFileType = sourcecode.c.h; path = "UIView+RJBadge.h"; sourceTree = "<group>"; };
		E946F4982021B8C9000341E4 /* WeiBo-Bridging-Header.h */ = {isa = PBXFileReference; fileEncoding = 4; lastKnownFileType = sourcecode.c.h; path = "WeiBo-Bridging-Header.h"; sourceTree = "<group>"; };
		E94D877220382D6A00871795 /* TitleButton.swift */ = {isa = PBXFileReference; lastKnownFileType = sourcecode.swift; path = TitleButton.swift; sourceTree = "<group>"; };
		E9584ABB200397860001A0E4 /* WB.app */ = {isa = PBXFileReference; explicitFileType = wrapper.application; includeInIndex = 0; path = WB.app; sourceTree = BUILT_PRODUCTS_DIR; };
		E9584ABE200397860001A0E4 /* AppDelegate.swift */ = {isa = PBXFileReference; lastKnownFileType = sourcecode.swift; path = AppDelegate.swift; sourceTree = "<group>"; };
		E9584AC5200397860001A0E4 /* Assets.xcassets */ = {isa = PBXFileReference; lastKnownFileType = folder.assetcatalog; path = Assets.xcassets; sourceTree = "<group>"; };
		E9584ACA200397860001A0E4 /* Info.plist */ = {isa = PBXFileReference; lastKnownFileType = text.plist.xml; path = Info.plist; sourceTree = "<group>"; };
		E9584ADD2003A0A10001A0E4 /* MainTabBarController.swift */ = {isa = PBXFileReference; lastKnownFileType = sourcecode.swift; path = MainTabBarController.swift; sourceTree = "<group>"; };
		E9584ADF2003A0C00001A0E4 /* MainNavigationController.swift */ = {isa = PBXFileReference; lastKnownFileType = sourcecode.swift; path = MainNavigationController.swift; sourceTree = "<group>"; };
		E9584AE12003A0DB0001A0E4 /* BaseViewController.swift */ = {isa = PBXFileReference; lastKnownFileType = sourcecode.swift; path = BaseViewController.swift; sourceTree = "<group>"; };
		E9786A6020404841007EEE77 /* UIImage+Extension.swift */ = {isa = PBXFileReference; lastKnownFileType = sourcecode.swift; path = "UIImage+Extension.swift"; sourceTree = "<group>"; };
		E97AB235201AFCBE00E5C267 /* HttpEngine.swift */ = {isa = PBXFileReference; lastKnownFileType = sourcecode.swift; path = HttpEngine.swift; sourceTree = "<group>"; };
		E97AB237201B65AE00E5C267 /* HttpEngine+Extension.swift */ = {isa = PBXFileReference; lastKnownFileType = sourcecode.swift; path = "HttpEngine+Extension.swift"; sourceTree = "<group>"; };
		E97AB239201B75C600E5C267 /* WBCustomNSError.swift */ = {isa = PBXFileReference; lastKnownFileType = sourcecode.swift; path = WBCustomNSError.swift; sourceTree = "<group>"; };
		E97AB23B201CAAFD00E5C267 /* WBStatus.swift */ = {isa = PBXFileReference; lastKnownFileType = sourcecode.swift; path = WBStatus.swift; sourceTree = "<group>"; };
		E97AB23D201CB20500E5C267 /* WBStatusListViewModel.swift */ = {isa = PBXFileReference; lastKnownFileType = sourcecode.swift; path = WBStatusListViewModel.swift; sourceTree = "<group>"; };
		E9C562D92004683100B7F6DE /* en */ = {isa = PBXFileReference; lastKnownFileType = text.plist.strings; name = en; path = en.lproj/InfoPlist.strings; sourceTree = "<group>"; };
		E9C562DB2004684100B7F6DE /* zh-Hans */ = {isa = PBXFileReference; lastKnownFileType = text.plist.strings; name = "zh-Hans"; path = "zh-Hans.lproj/InfoPlist.strings"; sourceTree = "<group>"; };
		E9C562DF20046BB000B7F6DE /* en */ = {isa = PBXFileReference; lastKnownFileType = text.plist.strings; name = en; path = en.lproj/Localizable.strings; sourceTree = "<group>"; };
		E9C562E120046BB300B7F6DE /* zh-Hans */ = {isa = PBXFileReference; lastKnownFileType = text.plist.strings; name = "zh-Hans"; path = "zh-Hans.lproj/Localizable.strings"; sourceTree = "<group>"; };
		E9C562E220046D6E00B7F6DE /* ReadMe */ = {isa = PBXFileReference; lastKnownFileType = text; path = ReadMe; sourceTree = "<group>"; };
		E9C562E42004AD4500B7F6DE /* HomePageViewController.swift */ = {isa = PBXFileReference; lastKnownFileType = sourcecode.swift; path = HomePageViewController.swift; sourceTree = "<group>"; };
		E9C562E62004AD5C00B7F6DE /* MessageViewController.swift */ = {isa = PBXFileReference; lastKnownFileType = sourcecode.swift; path = MessageViewController.swift; sourceTree = "<group>"; };
		E9C562E82004AD6A00B7F6DE /* DiscoveryViewController.swift */ = {isa = PBXFileReference; lastKnownFileType = sourcecode.swift; path = DiscoveryViewController.swift; sourceTree = "<group>"; };
		E9C562EA2004AD7700B7F6DE /* ProfileViewController.swift */ = {isa = PBXFileReference; lastKnownFileType = sourcecode.swift; path = ProfileViewController.swift; sourceTree = "<group>"; };
		E9C562EC2004B41100B7F6DE /* 应用常规尺寸.jpg */ = {isa = PBXFileReference; lastKnownFileType = image.jpeg; path = "应用常规尺寸.jpg"; sourceTree = "<group>"; };
		E9D9B786202443E80056BCA3 /* NotificationConstant.swift */ = {isa = PBXFileReference; lastKnownFileType = sourcecode.swift; path = NotificationConstant.swift; sourceTree = "<group>"; };
		E9FF994A203AB987002B8738 /* WelcomeView.xib */ = {isa = PBXFileReference; lastKnownFileType = file.xib; path = WelcomeView.xib; sourceTree = "<group>"; };
		E9FF994C203EECB7002B8738 /* NewFeatureView.xib */ = {isa = PBXFileReference; lastKnownFileType = file.xib; path = NewFeatureView.xib; sourceTree = "<group>"; };
/* End PBXFileReference section */

/* Begin PBXFrameworksBuildPhase section */
		E9584AB8200397860001A0E4 /* Frameworks */ = {
			isa = PBXFrameworksBuildPhase;
			buildActionMask = 2147483647;
			files = (
				F7FA356D787C95851A0DE7A8 /* Pods_WeiBo.framework in Frameworks */,
			);
			runOnlyForDeploymentPostprocessing = 0;
		};
/* End PBXFrameworksBuildPhase section */

/* Begin PBXGroup section */
		7FC7EEA069A220587F459BB7 /* Pods */ = {
			isa = PBXGroup;
			children = (
				E824298BE511A22086D359E8 /* Pods-WeiBo.debug.xcconfig */,
				7CCAEF78F37DB261C5BC1F04 /* Pods-WeiBo.release.xcconfig */,
			);
			name = Pods;
			sourceTree = "<group>";
		};
		D7BBDE62621285ECB274C142 /* Frameworks */ = {
			isa = PBXGroup;
			children = (
				DFD83F2C9283CD656E4B2E5F /* Pods_WeiBo.framework */,
			);
			name = Frameworks;
			sourceTree = "<group>";
		};
		E90094E220074F7400B20928 /* Extension */ = {
			isa = PBXGroup;
			children = (
				E90094E320074F8B00B20928 /* String+Extension.swift */,
				E97AB237201B65AE00E5C267 /* HttpEngine+Extension.swift */,
				E97AB239201B75C600E5C267 /* WBCustomNSError.swift */,
				E9786A6020404841007EEE77 /* UIImage+Extension.swift */,
			);
			path = Extension;
			sourceTree = "<group>";
		};
		E904D30E202888B50061A790 /* OAuth */ = {
			isa = PBXGroup;
			children = (
				E904D30F202889060061A790 /* OAuthViewController.swift */,
			);
			path = OAuth;
			sourceTree = "<group>";
		};
		E908320E20414878007B6AFE /* StatusCell */ = {
			isa = PBXGroup;
			children = (
				E908320F204148AC007B6AFE /* StatusCellTableViewCell.swift */,
				E9083211204148D0007B6AFE /* StatusNormalCell.xib */,
			);
			path = StatusCell;
			sourceTree = "<group>";
		};
		E932A08620393119001414E6 /* NewFeature */ = {
			isa = PBXGroup;
			children = (
				E932A08E203996FB001414E6 /* WelcomeView.swift */,
				E9FF994A203AB987002B8738 /* WelcomeView.xib */,
				E932A090203997AE001414E6 /* NewFeatureView.swift */,
				E9FF994C203EECB7002B8738 /* NewFeatureView.xib */,
			);
			path = NewFeature;
			sourceTree = "<group>";
		};
		E946F46B2021B794000341E4 /* RJBadgeView */ = {
			isa = PBXGroup;
			children = (
				E946F46C2021B794000341E4 /* RJBadgeView.h */,
				E946F46D2021B794000341E4 /* UIView+RJBadge.m */,
				E946F46E2021B794000341E4 /* UIView+RJBadge.h */,
			);
			path = RJBadgeView;
			sourceTree = "<group>";
		};
		E94D877120382D5200871795 /* TitleButton */ = {
			isa = PBXGroup;
			children = (
				E94D877220382D6A00871795 /* TitleButton.swift */,
			);
			path = TitleButton;
			sourceTree = "<group>";
		};
		E9584AB2200397860001A0E4 = {
			isa = PBXGroup;
			children = (
				E9584AD920039FFA0001A0E4 /* Model */,
				E9584AD420039FFA0001A0E4 /* View */,
				E9584ADA20039FFA0001A0E4 /* ViewModel */,
				E9584ADB20039FFA0001A0E4 /* Tools */,
				E9584ABD200397860001A0E4 /* WeiBo */,
				E9584ABC200397860001A0E4 /* Products */,
				7FC7EEA069A220587F459BB7 /* Pods */,
				D7BBDE62621285ECB274C142 /* Frameworks */,
			);
			sourceTree = "<group>";
		};
		E9584ABC200397860001A0E4 /* Products */ = {
			isa = PBXGroup;
			children = (
				E9584ABB200397860001A0E4 /* WB.app */,
			);
			name = Products;
			sourceTree = "<group>";
		};
		E9584ABD200397860001A0E4 /* WeiBo */ = {
			isa = PBXGroup;
			children = (
				E946F4982021B8C9000341E4 /* WeiBo-Bridging-Header.h */,
				E90094EE200859BC00B20928 /* Swift.gitignore */,
				E90094EC20084D1000B20928 /* Podfile */,
				E90094C92005C13C00B20928 /* ViewConstant.swift */,
				E9D9B786202443E80056BCA3 /* NotificationConstant.swift */,
				E904D30C202885DC0061A790 /* ApplicationBaseInfoConstantFromSinaOpenPlatform.swift */,
				E9C562EC2004B41100B7F6DE /* 应用常规尺寸.jpg */,
				E9C562D82004683100B7F6DE /* InfoPlist.strings */,
				E9584ABE200397860001A0E4 /* AppDelegate.swift */,
				E9584AC5200397860001A0E4 /* Assets.xcassets */,
				E9584ACA200397860001A0E4 /* Info.plist */,
				E9C562E020046BB000B7F6DE /* Localizable.strings */,
				E9C562E220046D6E00B7F6DE /* ReadMe */,
			);
			path = WeiBo;
			sourceTree = "<group>";
		};
		E9584AD420039FFA0001A0E4 /* View */ = {
			isa = PBXGroup;
			children = (
				E904D30E202888B50061A790 /* OAuth */,
				E9584AD820039FFA0001A0E4 /* Main */,
				E9584AD520039FFA0001A0E4 /* HomePage */,
				E9584ADC2003A03C0001A0E4 /* Message */,
				E9584AD620039FFA0001A0E4 /* Discovery */,
				E9584AD720039FFA0001A0E4 /* Profile */,
			);
			path = View;
			sourceTree = "<group>";
		};
		E9584AD520039FFA0001A0E4 /* HomePage */ = {
			isa = PBXGroup;
			children = (
				E908320E20414878007B6AFE /* StatusCell */,
				E94D877120382D5200871795 /* TitleButton */,
				E9C562E42004AD4500B7F6DE /* HomePageViewController.swift */,
			);
			path = HomePage;
			sourceTree = "<group>";
		};
		E9584AD620039FFA0001A0E4 /* Discovery */ = {
			isa = PBXGroup;
			children = (
				E9C562E82004AD6A00B7F6DE /* DiscoveryViewController.swift */,
			);
			path = Discovery;
			sourceTree = "<group>";
		};
		E9584AD720039FFA0001A0E4 /* Profile */ = {
			isa = PBXGroup;
			children = (
				E9C562EA2004AD7700B7F6DE /* ProfileViewController.swift */,
			);
			path = Profile;
			sourceTree = "<group>";
		};
		E9584AD820039FFA0001A0E4 /* Main */ = {
			isa = PBXGroup;
			children = (
				E932A08620393119001414E6 /* NewFeature */,
				E9584ADD2003A0A10001A0E4 /* MainTabBarController.swift */,
				E9584ADF2003A0C00001A0E4 /* MainNavigationController.swift */,
				E9584AE12003A0DB0001A0E4 /* BaseViewController.swift */,
				E90094C12004BD1500B20928 /* TabBar.swift */,
				E92664342011C35A00ABF849 /* ContentOfVisitorView.swift */,
			);
			path = Main;
			sourceTree = "<group>";
		};
		E9584AD920039FFA0001A0E4 /* Model */ = {
			isa = PBXGroup;
			children = (
				E97AB23B201CAAFD00E5C267 /* WBStatus.swift */,
				E904D311202C2A870061A790 /* UserAccount.swift */,
			);
			path = Model;
			sourceTree = "<group>";
		};
		E9584ADA20039FFA0001A0E4 /* ViewModel */ = {
			isa = PBXGroup;
			children = (
				E97AB23D201CB20500E5C267 /* WBStatusListViewModel.swift */,
			);
			path = ViewModel;
			sourceTree = "<group>";
		};
		E9584ADB20039FFA0001A0E4 /* Tools */ = {
			isa = PBXGroup;
			children = (
				E946F46B2021B794000341E4 /* RJBadgeView */,
				E97AB234201AD12100E5C267 /* HttpEngine */,
				E90094E220074F7400B20928 /* Extension */,
			);
			path = Tools;
			sourceTree = "<group>";
		};
		E9584ADC2003A03C0001A0E4 /* Message */ = {
			isa = PBXGroup;
			children = (
				E9C562E62004AD5C00B7F6DE /* MessageViewController.swift */,
			);
			path = Message;
			sourceTree = "<group>";
		};
		E97AB234201AD12100E5C267 /* HttpEngine */ = {
			isa = PBXGroup;
			children = (
				E97AB235201AFCBE00E5C267 /* HttpEngine.swift */,
			);
			path = HttpEngine;
			sourceTree = "<group>";
		};
/* End PBXGroup section */

/* Begin PBXNativeTarget section */
		E9584ABA200397860001A0E4 /* WeiBo */ = {
			isa = PBXNativeTarget;
			buildConfigurationList = E9584ACD200397860001A0E4 /* Build configuration list for PBXNativeTarget "WeiBo" */;
			buildPhases = (
				80BC318A5D1ABCF0C5490D4F /* [CP] Check Pods Manifest.lock */,
				E9584AB7200397860001A0E4 /* Sources */,
				E9584AB8200397860001A0E4 /* Frameworks */,
				E9584AB9200397860001A0E4 /* Resources */,
				A5B15B2CB61FA0956604DD53 /* [CP] Embed Pods Frameworks */,
				9D8910891C281BCD94432855 /* [CP] Copy Pods Resources */,
			);
			buildRules = (
			);
			dependencies = (
			);
			name = WeiBo;
			productName = WeiBo;
			productReference = E9584ABB200397860001A0E4 /* WB.app */;
			productType = "com.apple.product-type.application";
		};
/* End PBXNativeTarget section */

/* Begin PBXProject section */
		E9584AB3200397860001A0E4 /* Project object */ = {
			isa = PBXProject;
			attributes = {
				LastSwiftUpdateCheck = 0920;
				LastUpgradeCheck = 0920;
				ORGANIZATIONNAME = QDHL;
				TargetAttributes = {
					E9584ABA200397860001A0E4 = {
						CreatedOnToolsVersion = 9.2;
						LastSwiftMigration = 0920;
						ProvisioningStyle = Automatic;
					};
				};
			};
			buildConfigurationList = E9584AB6200397860001A0E4 /* Build configuration list for PBXProject "WeiBo" */;
			compatibilityVersion = "Xcode 8.0";
			developmentRegion = en;
			hasScannedForEncodings = 0;
			knownRegions = (
				en,
				"zh-Hans",
			);
			mainGroup = E9584AB2200397860001A0E4;
			productRefGroup = E9584ABC200397860001A0E4 /* Products */;
			projectDirPath = "";
			projectRoot = "";
			targets = (
				E9584ABA200397860001A0E4 /* WeiBo */,
			);
		};
/* End PBXProject section */

/* Begin PBXResourcesBuildPhase section */
		E9584AB9200397860001A0E4 /* Resources */ = {
			isa = PBXResourcesBuildPhase;
			buildActionMask = 2147483647;
			files = (
				E90094ED20084D1000B20928 /* Podfile in Resources */,
				E9FF994D203EECB7002B8738 /* NewFeatureView.xib in Resources */,
				E9C562E320046D6E00B7F6DE /* ReadMe in Resources */,
				E9584AC6200397860001A0E4 /* Assets.xcassets in Resources */,
				E9083212204148D0007B6AFE /* StatusNormalCell.xib in Resources */,
				E9C562DE20046BB000B7F6DE /* Localizable.strings in Resources */,
				E90094EF200859BC00B20928 /* Swift.gitignore in Resources */,
				E9C562DA2004683100B7F6DE /* InfoPlist.strings in Resources */,
				E9C562ED2004B41200B7F6DE /* 应用常规尺寸.jpg in Resources */,
				E9FF994B203AB987002B8738 /* WelcomeView.xib in Resources */,
			);
			runOnlyForDeploymentPostprocessing = 0;
		};
/* End PBXResourcesBuildPhase section */

/* Begin PBXShellScriptBuildPhase section */
		80BC318A5D1ABCF0C5490D4F /* [CP] Check Pods Manifest.lock */ = {
			isa = PBXShellScriptBuildPhase;
			buildActionMask = 2147483647;
			files = (
			);
			inputPaths = (
				"${PODS_PODFILE_DIR_PATH}/Podfile.lock",
				"${PODS_ROOT}/Manifest.lock",
			);
			name = "[CP] Check Pods Manifest.lock";
			outputPaths = (
				"$(DERIVED_FILE_DIR)/Pods-WeiBo-checkManifestLockResult.txt",
			);
			runOnlyForDeploymentPostprocessing = 0;
			shellPath = /bin/sh;
			shellScript = "diff \"${PODS_PODFILE_DIR_PATH}/Podfile.lock\" \"${PODS_ROOT}/Manifest.lock\" > /dev/null\nif [ $? != 0 ] ; then\n    # print error to STDERR\n    echo \"error: The sandbox is not in sync with the Podfile.lock. Run 'pod install' or update your CocoaPods installation.\" >&2\n    exit 1\nfi\n# This output is used by Xcode 'outputs' to avoid re-running this script phase.\necho \"SUCCESS\" > \"${SCRIPT_OUTPUT_FILE_0}\"\n";
			showEnvVarsInLog = 0;
		};
		9D8910891C281BCD94432855 /* [CP] Copy Pods Resources */ = {
			isa = PBXShellScriptBuildPhase;
			buildActionMask = 2147483647;
			files = (
			);
			inputPaths = (
			);
			name = "[CP] Copy Pods Resources";
			outputPaths = (
			);
			runOnlyForDeploymentPostprocessing = 0;
			shellPath = /bin/sh;
			shellScript = "\"${SRCROOT}/Pods/Target Support Files/Pods-WeiBo/Pods-WeiBo-resources.sh\"\n";
			showEnvVarsInLog = 0;
		};
		A5B15B2CB61FA0956604DD53 /* [CP] Embed Pods Frameworks */ = {
			isa = PBXShellScriptBuildPhase;
			buildActionMask = 2147483647;
			files = (
			);
			inputPaths = (
				"${SRCROOT}/Pods/Target Support Files/Pods-WeiBo/Pods-WeiBo-frameworks.sh",
				"${BUILT_PRODUCTS_DIR}/Alamofire/Alamofire.framework",
				"${BUILT_PRODUCTS_DIR}/SDWebImage/SDWebImage.framework",
				"${BUILT_PRODUCTS_DIR}/SVProgressHUD/SVProgressHUD.framework",
				"${BUILT_PRODUCTS_DIR}/SnapKit/SnapKit.framework",
				"${BUILT_PRODUCTS_DIR}/YYModel/YYModel.framework",
			);
			name = "[CP] Embed Pods Frameworks";
			outputPaths = (
				"${TARGET_BUILD_DIR}/${FRAMEWORKS_FOLDER_PATH}/Alamofire.framework",
				"${TARGET_BUILD_DIR}/${FRAMEWORKS_FOLDER_PATH}/SDWebImage.framework",
				"${TARGET_BUILD_DIR}/${FRAMEWORKS_FOLDER_PATH}/SVProgressHUD.framework",
				"${TARGET_BUILD_DIR}/${FRAMEWORKS_FOLDER_PATH}/SnapKit.framework",
				"${TARGET_BUILD_DIR}/${FRAMEWORKS_FOLDER_PATH}/YYModel.framework",
			);
			runOnlyForDeploymentPostprocessing = 0;
			shellPath = /bin/sh;
			shellScript = "\"${SRCROOT}/Pods/Target Support Files/Pods-WeiBo/Pods-WeiBo-frameworks.sh\"\n";
			showEnvVarsInLog = 0;
		};
/* End PBXShellScriptBuildPhase section */

/* Begin PBXSourcesBuildPhase section */
		E9584AB7200397860001A0E4 /* Sources */ = {
			isa = PBXSourcesBuildPhase;
			buildActionMask = 2147483647;
			files = (
				E90094C22004BD1500B20928 /* TabBar.swift in Sources */,
				E97AB236201AFCBE00E5C267 /* HttpEngine.swift in Sources */,
				E9584AE22003A0DB0001A0E4 /* BaseViewController.swift in Sources */,
				E92664352011C35A00ABF849 /* ContentOfVisitorView.swift in Sources */,
				E932A091203997AE001414E6 /* NewFeatureView.swift in Sources */,
				E904D312202C2A870061A790 /* UserAccount.swift in Sources */,
				E9584ABF200397860001A0E4 /* AppDelegate.swift in Sources */,
				E904D30D202885DD0061A790 /* ApplicationBaseInfoConstantFromSinaOpenPlatform.swift in Sources */,
				E9584AE02003A0C00001A0E4 /* MainNavigationController.swift in Sources */,
				E904D310202889060061A790 /* OAuthViewController.swift in Sources */,
				E97AB238201B65AE00E5C267 /* HttpEngine+Extension.swift in Sources */,
				E97AB23C201CAAFD00E5C267 /* WBStatus.swift in Sources */,
				E90094E420074F8B00B20928 /* String+Extension.swift in Sources */,
				E9786A6120404841007EEE77 /* UIImage+Extension.swift in Sources */,
				E9C562E92004AD6A00B7F6DE /* DiscoveryViewController.swift in Sources */,
				E9D9B787202443E80056BCA3 /* NotificationConstant.swift in Sources */,
				E9C562E52004AD4500B7F6DE /* HomePageViewController.swift in Sources */,
				E946F46F2021B794000341E4 /* UIView+RJBadge.m in Sources */,
				E90094CA2005C13C00B20928 /* ViewConstant.swift in Sources */,
				E9083210204148AC007B6AFE /* StatusCellTableViewCell.swift in Sources */,
				E97AB23E201CB20500E5C267 /* WBStatusListViewModel.swift in Sources */,
				E94D877320382D6A00871795 /* TitleButton.swift in Sources */,
				E932A08F203996FB001414E6 /* WelcomeView.swift in Sources */,
				E9C562E72004AD5C00B7F6DE /* MessageViewController.swift in Sources */,
				E9C562EB2004AD7700B7F6DE /* ProfileViewController.swift in Sources */,
				E9584ADE2003A0A10001A0E4 /* MainTabBarController.swift in Sources */,
				E97AB23A201B75C600E5C267 /* WBCustomNSError.swift in Sources */,
			);
			runOnlyForDeploymentPostprocessing = 0;
		};
/* End PBXSourcesBuildPhase section */

/* Begin PBXVariantGroup section */
		E9C562D82004683100B7F6DE /* InfoPlist.strings */ = {
			isa = PBXVariantGroup;
			children = (
				E9C562D92004683100B7F6DE /* en */,
				E9C562DB2004684100B7F6DE /* zh-Hans */,
			);
			name = InfoPlist.strings;
			sourceTree = "<group>";
		};
		E9C562E020046BB000B7F6DE /* Localizable.strings */ = {
			isa = PBXVariantGroup;
			children = (
				E9C562DF20046BB000B7F6DE /* en */,
				E9C562E120046BB300B7F6DE /* zh-Hans */,
			);
			name = Localizable.strings;
			sourceTree = "<group>";
		};
/* End PBXVariantGroup section */

/* Begin XCBuildConfiguration section */
		E9584ACB200397860001A0E4 /* Debug */ = {
			isa = XCBuildConfiguration;
			buildSettings = {
				ALWAYS_SEARCH_USER_PATHS = NO;
				CLANG_ANALYZER_LOCALIZABILITY_NONLOCALIZED = YES;
				CLANG_ANALYZER_NONNULL = YES;
				CLANG_ANALYZER_NUMBER_OBJECT_CONVERSION = YES_AGGRESSIVE;
				CLANG_CXX_LANGUAGE_STANDARD = "gnu++14";
				CLANG_CXX_LIBRARY = "libc++";
				CLANG_ENABLE_MODULES = YES;
				CLANG_ENABLE_OBJC_ARC = YES;
				CLANG_WARN_BLOCK_CAPTURE_AUTORELEASING = YES;
				CLANG_WARN_BOOL_CONVERSION = YES;
				CLANG_WARN_COMMA = YES;
				CLANG_WARN_CONSTANT_CONVERSION = YES;
				CLANG_WARN_DIRECT_OBJC_ISA_USAGE = YES_ERROR;
				CLANG_WARN_DOCUMENTATION_COMMENTS = YES;
				CLANG_WARN_EMPTY_BODY = YES;
				CLANG_WARN_ENUM_CONVERSION = YES;
				CLANG_WARN_INFINITE_RECURSION = YES;
				CLANG_WARN_INT_CONVERSION = YES;
				CLANG_WARN_NON_LITERAL_NULL_CONVERSION = YES;
				CLANG_WARN_OBJC_LITERAL_CONVERSION = YES;
				CLANG_WARN_OBJC_ROOT_CLASS = YES_ERROR;
				CLANG_WARN_RANGE_LOOP_ANALYSIS = YES;
				CLANG_WARN_STRICT_PROTOTYPES = YES;
				CLANG_WARN_SUSPICIOUS_MOVE = YES;
				CLANG_WARN_UNGUARDED_AVAILABILITY = YES_AGGRESSIVE;
				CLANG_WARN_UNREACHABLE_CODE = YES;
				CLANG_WARN__DUPLICATE_METHOD_MATCH = YES;
				CODE_SIGN_IDENTITY = "iPhone Developer";
				COPY_PHASE_STRIP = NO;
				DEBUG_INFORMATION_FORMAT = dwarf;
				ENABLE_STRICT_OBJC_MSGSEND = YES;
				ENABLE_TESTABILITY = YES;
				GCC_C_LANGUAGE_STANDARD = gnu11;
				GCC_DYNAMIC_NO_PIC = NO;
				GCC_NO_COMMON_BLOCKS = YES;
				GCC_OPTIMIZATION_LEVEL = 0;
				GCC_PREPROCESSOR_DEFINITIONS = (
					"DEBUG=1",
					"$(inherited)",
				);
				GCC_WARN_64_TO_32_BIT_CONVERSION = YES;
				GCC_WARN_ABOUT_RETURN_TYPE = YES_ERROR;
				GCC_WARN_UNDECLARED_SELECTOR = YES;
				GCC_WARN_UNINITIALIZED_AUTOS = YES_AGGRESSIVE;
				GCC_WARN_UNUSED_FUNCTION = YES;
				GCC_WARN_UNUSED_VARIABLE = YES;
				IPHONEOS_DEPLOYMENT_TARGET = 8.0;
				MTL_ENABLE_DEBUG_INFO = YES;
				ONLY_ACTIVE_ARCH = YES;
				SDKROOT = iphoneos;
				SWIFT_ACTIVE_COMPILATION_CONDITIONS = DEBUG;
				SWIFT_OPTIMIZATION_LEVEL = "-Onone";
			};
			name = Debug;
		};
		E9584ACC200397860001A0E4 /* Release */ = {
			isa = XCBuildConfiguration;
			buildSettings = {
				ALWAYS_SEARCH_USER_PATHS = NO;
				CLANG_ANALYZER_LOCALIZABILITY_NONLOCALIZED = YES;
				CLANG_ANALYZER_NONNULL = YES;
				CLANG_ANALYZER_NUMBER_OBJECT_CONVERSION = YES_AGGRESSIVE;
				CLANG_CXX_LANGUAGE_STANDARD = "gnu++14";
				CLANG_CXX_LIBRARY = "libc++";
				CLANG_ENABLE_MODULES = YES;
				CLANG_ENABLE_OBJC_ARC = YES;
				CLANG_WARN_BLOCK_CAPTURE_AUTORELEASING = YES;
				CLANG_WARN_BOOL_CONVERSION = YES;
				CLANG_WARN_COMMA = YES;
				CLANG_WARN_CONSTANT_CONVERSION = YES;
				CLANG_WARN_DIRECT_OBJC_ISA_USAGE = YES_ERROR;
				CLANG_WARN_DOCUMENTATION_COMMENTS = YES;
				CLANG_WARN_EMPTY_BODY = YES;
				CLANG_WARN_ENUM_CONVERSION = YES;
				CLANG_WARN_INFINITE_RECURSION = YES;
				CLANG_WARN_INT_CONVERSION = YES;
				CLANG_WARN_NON_LITERAL_NULL_CONVERSION = YES;
				CLANG_WARN_OBJC_LITERAL_CONVERSION = YES;
				CLANG_WARN_OBJC_ROOT_CLASS = YES_ERROR;
				CLANG_WARN_RANGE_LOOP_ANALYSIS = YES;
				CLANG_WARN_STRICT_PROTOTYPES = YES;
				CLANG_WARN_SUSPICIOUS_MOVE = YES;
				CLANG_WARN_UNGUARDED_AVAILABILITY = YES_AGGRESSIVE;
				CLANG_WARN_UNREACHABLE_CODE = YES;
				CLANG_WARN__DUPLICATE_METHOD_MATCH = YES;
				CODE_SIGN_IDENTITY = "iPhone Developer";
				COPY_PHASE_STRIP = NO;
				DEBUG_INFORMATION_FORMAT = "dwarf-with-dsym";
				ENABLE_NS_ASSERTIONS = NO;
				ENABLE_STRICT_OBJC_MSGSEND = YES;
				GCC_C_LANGUAGE_STANDARD = gnu11;
				GCC_NO_COMMON_BLOCKS = YES;
				GCC_WARN_64_TO_32_BIT_CONVERSION = YES;
				GCC_WARN_ABOUT_RETURN_TYPE = YES_ERROR;
				GCC_WARN_UNDECLARED_SELECTOR = YES;
				GCC_WARN_UNINITIALIZED_AUTOS = YES_AGGRESSIVE;
				GCC_WARN_UNUSED_FUNCTION = YES;
				GCC_WARN_UNUSED_VARIABLE = YES;
				IPHONEOS_DEPLOYMENT_TARGET = 8.0;
				MTL_ENABLE_DEBUG_INFO = NO;
				SDKROOT = iphoneos;
				SWIFT_OPTIMIZATION_LEVEL = "-Owholemodule";
				VALIDATE_PRODUCT = YES;
			};
			name = Release;
		};
		E9584ACE200397860001A0E4 /* Debug */ = {
			isa = XCBuildConfiguration;
			baseConfigurationReference = E824298BE511A22086D359E8 /* Pods-WeiBo.debug.xcconfig */;
			buildSettings = {
				ASSETCATALOG_COMPILER_APPICON_NAME = AppIcon;
				ASSETCATALOG_COMPILER_LAUNCHIMAGE_NAME = LaunchImage;
				CLANG_ENABLE_MODULES = YES;
				CODE_SIGN_STYLE = Automatic;
				DEVELOPMENT_TEAM = 736T58M9ZN;
				INFOPLIST_FILE = WeiBo/Info.plist;
				LD_RUNPATH_SEARCH_PATHS = "$(inherited) @executable_path/Frameworks";
				PRODUCT_BUNDLE_IDENTIFIER = com.liezhong.housing;
				PRODUCT_NAME = WB;
				SWIFT_OBJC_BRIDGING_HEADER = "WeiBo/WeiBo-Bridging-Header.h";
				SWIFT_OPTIMIZATION_LEVEL = "-Onone";
				SWIFT_VERSION = 4.0;
				TARGETED_DEVICE_FAMILY = 1;
			};
			name = Debug;
		};
		E9584ACF200397860001A0E4 /* Release */ = {
			isa = XCBuildConfiguration;
			baseConfigurationReference = 7CCAEF78F37DB261C5BC1F04 /* Pods-WeiBo.release.xcconfig */;
			buildSettings = {
				ASSETCATALOG_COMPILER_APPICON_NAME = AppIcon;
				ASSETCATALOG_COMPILER_LAUNCHIMAGE_NAME = LaunchImage;
				CLANG_ENABLE_MODULES = YES;
				CODE_SIGN_STYLE = Automatic;
				DEVELOPMENT_TEAM = 736T58M9ZN;
				INFOPLIST_FILE = WeiBo/Info.plist;
				LD_RUNPATH_SEARCH_PATHS = "$(inherited) @executable_path/Frameworks";
				PRODUCT_BUNDLE_IDENTIFIER = com.liezhong.housing;
				PRODUCT_NAME = WB;
				SWIFT_OBJC_BRIDGING_HEADER = "WeiBo/WeiBo-Bridging-Header.h";
				SWIFT_VERSION = 4.0;
				TARGETED_DEVICE_FAMILY = 1;
			};
			name = Release;
		};
/* End XCBuildConfiguration section */

/* Begin XCConfigurationList section */
		E9584AB6200397860001A0E4 /* Build configuration list for PBXProject "WeiBo" */ = {
			isa = XCConfigurationList;
			buildConfigurations = (
				E9584ACB200397860001A0E4 /* Debug */,
				E9584ACC200397860001A0E4 /* Release */,
			);
			defaultConfigurationIsVisible = 0;
			defaultConfigurationName = Release;
		};
		E9584ACD200397860001A0E4 /* Build configuration list for PBXNativeTarget "WeiBo" */ = {
			isa = XCConfigurationList;
			buildConfigurations = (
				E9584ACE200397860001A0E4 /* Debug */,
				E9584ACF200397860001A0E4 /* Release */,
			);
			defaultConfigurationIsVisible = 0;
			defaultConfigurationName = Release;
		};
/* End XCConfigurationList section */
	};
	rootObject = E9584AB3200397860001A0E4 /* Project object */;
}
